
Microsoft Visual Studio Solution File, Format Version 12.00
# Visual Studio Version 17
VisualStudioVersion = 17.4.33213.308
MinimumVisualStudioVersion = 10.0.40219.1
Project("{2150E333-8FDC-42A3-9474-1A3956D46DE8}") = "API", "API", "{A71153B6-4064-4E00-8D07-519A0EAC145C}"
EndProject
Project("{2150E333-8FDC-42A3-9474-1A3956D46DE8}") = "MS_App", "MS_App", "{9D10B39E-08DF-48EB-909C-6123E4D79461}"
EndProject
Project("{9A19103F-16F7-4668-BE54-9A1E7A4F7556}") = "MS_App", "API\MS_App\MS_App.csproj", "{28E9E89F-20CF-41BF-B49C-4960CF24D870}"
EndProject
Project("{2150E333-8FDC-42A3-9474-1A3956D46DE8}") = "MS_Data", "MS_Data", "{27E05416-CD88-4925-AB8A-997F17FC95D6}"
EndProject
Project("{9A19103F-16F7-4668-BE54-9A1E7A4F7556}") = "MS_Data", "API\MS_Data\MS_Data.csproj", "{19FCEC31-7A6C-4D75-9295-D733DA0FE384}"
EndProject
Project("{2150E333-8FDC-42A3-9474-1A3956D46DE8}") = "MS_Models", "MS_Models", "{2AAD3E7F-0104-4349-BA23-951657D3AE2E}"
EndProject
Project("{9A19103F-16F7-4668-BE54-9A1E7A4F7556}") = "MS_Models", "API\MS_Models\MS_Models.csproj", "{48D05061-59CE-4CF9-8158-8A6FE504A249}"
EndProject
Project("{2150E333-8FDC-42A3-9474-1A3956D46DE8}") = "MS_Services", "MS_Services", "{04B5E68C-E3B0-4BC3-A12E-A123BBF1FAD5}"
EndProject
Project("{9A19103F-16F7-4668-BE54-9A1E7A4F7556}") = "MS_Services", "API\MS_Services\MS_Services.csproj", "{BCA47B3B-61C3-4D16-A933-592955E8DD10}"
EndProject
Project("{2150E333-8FDC-42A3-9474-1A3956D46DE8}") = "UI", "UI", "{670DA82E-D2E7-44DB-81D0-4EBE1BECD158}"
EndProject
Project("{9A19103F-16F7-4668-BE54-9A1E7A4F7556}") = "MS_UI", "UI\MS_UI\MS_UI.csproj", "{6A64A89C-B502-4CA0-B1DB-6C56565980FD}"
EndProject
Project("{2150E333-8FDC-42A3-9474-1A3956D46DE8}") = "Solution Items", "Solution Items", "{C094870A-D74A-4120-A1D8-691C6A17ACC2}"
	ProjectSection(SolutionItems) = preProject
		.editorconfig = .editorconfig
	EndProjectSection
EndProject
Global
	GlobalSection(SolutionConfigurationPlatforms) = preSolution
		Debug|Any CPU = Debug|Any CPU
		Release|Any CPU = Release|Any CPU
	EndGlobalSection
	GlobalSection(ProjectConfigurationPlatforms) = postSolution
		{28E9E89F-20CF-41BF-B49C-4960CF24D870}.Debug|Any CPU.ActiveCfg = Debug|Any CPU
		{28E9E89F-20CF-41BF-B49C-4960CF24D870}.Debug|Any CPU.Build.0 = Debug|Any CPU
		{28E9E89F-20CF-41BF-B49C-4960CF24D870}.Release|Any CPU.ActiveCfg = Release|Any CPU
		{28E9E89F-20CF-41BF-B49C-4960CF24D870}.Release|Any CPU.Build.0 = Release|Any CPU
		{19FCEC31-7A6C-4D75-9295-D733DA0FE384}.Debug|Any CPU.ActiveCfg = Debug|Any CPU
		{19FCEC31-7A6C-4D75-9295-D733DA0FE384}.Debug|Any CPU.Build.0 = Debug|Any CPU
		{19FCEC31-7A6C-4D75-9295-D733DA0FE384}.Release|Any CPU.ActiveCfg = Release|Any CPU
		{19FCEC31-7A6C-4D75-9295-D733DA0FE384}.Release|Any CPU.Build.0 = Release|Any CPU
		{48D05061-59CE-4CF9-8158-8A6FE504A249}.Debug|Any CPU.ActiveCfg = Debug|Any CPU
		{48D05061-59CE-4CF9-8158-8A6FE504A249}.Debug|Any CPU.Build.0 = Debug|Any CPU
		{48D05061-59CE-4CF9-8158-8A6FE504A249}.Release|Any CPU.ActiveCfg = Release|Any CPU
		{48D05061-59CE-4CF9-8158-8A6FE504A249}.Release|Any CPU.Build.0 = Release|Any CPU
		{BCA47B3B-61C3-4D16-A933-592955E8DD10}.Debug|Any CPU.ActiveCfg = Debug|Any CPU
		{BCA47B3B-61C3-4D16-A933-592955E8DD10}.Debug|Any CPU.Build.0 = Debug|Any CPU
		{BCA47B3B-61C3-4D16-A933-592955E8DD10}.Release|Any CPU.ActiveCfg = Release|Any CPU
		{BCA47B3B-61C3-4D16-A933-592955E8DD10}.Release|Any CPU.Build.0 = Release|Any CPU
		{6A64A89C-B502-4CA0-B1DB-6C56565980FD}.Debug|Any CPU.ActiveCfg = Debug|Any CPU
		{6A64A89C-B502-4CA0-B1DB-6C56565980FD}.Debug|Any CPU.Build.0 = Debug|Any CPU
		{6A64A89C-B502-4CA0-B1DB-6C56565980FD}.Release|Any CPU.ActiveCfg = Release|Any CPU
		{6A64A89C-B502-4CA0-B1DB-6C56565980FD}.Release|Any CPU.Build.0 = Release|Any CPU
	EndGlobalSection
	GlobalSection(SolutionProperties) = preSolution
		HideSolutionNode = FALSE
	EndGlobalSection
	GlobalSection(NestedProjects) = preSolution
		{9D10B39E-08DF-48EB-909C-6123E4D79461} = {A71153B6-4064-4E00-8D07-519A0EAC145C}
		{28E9E89F-20CF-41BF-B49C-4960CF24D870} = {9D10B39E-08DF-48EB-909C-6123E4D79461}
		{27E05416-CD88-4925-AB8A-997F17FC95D6} = {A71153B6-4064-4E00-8D07-519A0EAC145C}
		{19FCEC31-7A6C-4D75-9295-D733DA0FE384} = {27E05416-CD88-4925-AB8A-997F17FC95D6}
		{2AAD3E7F-0104-4349-BA23-951657D3AE2E} = {A71153B6-4064-4E00-8D07-519A0EAC145C}
		{48D05061-59CE-4CF9-8158-8A6FE504A249} = {2AAD3E7F-0104-4349-BA23-951657D3AE2E}
		{04B5E68C-E3B0-4BC3-A12E-A123BBF1FAD5} = {A71153B6-4064-4E00-8D07-519A0EAC145C}
		{BCA47B3B-61C3-4D16-A933-592955E8DD10} = {04B5E68C-E3B0-4BC3-A12E-A123BBF1FAD5}
		{6A64A89C-B502-4CA0-B1DB-6C56565980FD} = {670DA82E-D2E7-44DB-81D0-4EBE1BECD158}
	EndGlobalSection
	GlobalSection(ExtensibilityGlobals) = postSolution
		SolutionGuid = {054FD3A3-6259-44B6-B450-416632957D49}
	EndGlobalSection
EndGlobal
